
Microsoft Visual Studio Solution File, Format Version 12.00
# Visual Studio Version 17
VisualStudioVersion = 17.5.33424.131
MinimumVisualStudioVersion = 10.0.40219.1
Project("{9A19103F-16F7-4668-BE54-9A1E7A4F7556}") = "ConsoleAppB6P1", "ConsoleAppB6P1\ConsoleAppB6P1.csproj", "{66DB02B2-7F2A-4967-854A-34AF1F0B4AE6}"
EndProject
Project("{2150E333-8FDC-42A3-9474-1A3956D46DE8}") = "Элементы решения", "Элементы решения", "{6D07D12D-2C81-4420-9C5E-650136A7C24B}"
	ProjectSection(SolutionItems) = preProject
		Challenge.txt = Challenge.txt
	EndProjectSection
EndProject
Project("{9A19103F-16F7-4668-BE54-9A1E7A4F7556}") = "ConsoleAppB6P2", "ConsoleAppB6P2\ConsoleAppB6P2.csproj", "{9956176B-F872-4B51-897A-2191D953344A}"
EndProject
Project("{9A19103F-16F7-4668-BE54-9A1E7A4F7556}") = "ConsoleAppB6P3", "ConsoleAppB6P3\ConsoleAppB6P3.csproj", "{D314CC77-7590-4265-A85D-302F8414D89A}"
EndProject
Project("{9A19103F-16F7-4668-BE54-9A1E7A4F7556}") = "ConsoleAppB6P4", "ConsoleAppB6P4\ConsoleAppB6P4.csproj", "{12F5E0EF-5097-45CA-9257-F204CBFB909B}"
EndProject
Project("{9A19103F-16F7-4668-BE54-9A1E7A4F7556}") = "ConsoleAppB6P5", "ConsoleAppB6P5\ConsoleAppB6P5.csproj", "{D28FE86A-74CB-4D95-809A-D86365D4F0A1}"
EndProject
Project("{9A19103F-16F7-4668-BE54-9A1E7A4F7556}") = "ConsoleAppB6P6", "ConsoleAppB6P6\ConsoleAppB6P6.csproj", "{C966A650-DD67-4209-9AA7-A75363EC8DCB}"
EndProject
Project("{9A19103F-16F7-4668-BE54-9A1E7A4F7556}") = "ConsoleAppB6P6Expanded", "ConsoleAppB6P6Expanded\ConsoleAppB6P6Expanded.csproj", "{3443F6DA-9A1D-4EED-B67A-0DAD171AF4CB}"
EndProject
Project("{9A19103F-16F7-4668-BE54-9A1E7A4F7556}") = "ConsoleAppB6P7", "ConsoleAppB6P7\ConsoleAppB6P7.csproj", "{B5246427-BE80-44C0-8C20-2669E95BD438}"
EndProject
Project("{9A19103F-16F7-4668-BE54-9A1E7A4F7556}") = "ConsoleAppB6P8", "ConsoleAppB6P8\ConsoleAppB6P8.csproj", "{2F1777D0-AF73-4BC2-8C85-0C8BDF9FEC7A}"
EndProject
Project("{9A19103F-16F7-4668-BE54-9A1E7A4F7556}") = "ConsoleAppB6P8DnD4", "ConsoleAppB6P8DnD4\ConsoleAppB6P8DnD4.csproj", "{9738D01B-D3F9-40E8-BAA1-8D4F46874554}"
EndProject
Project("{9A19103F-16F7-4668-BE54-9A1E7A4F7556}") = "ConsoleAppB6P9", "ConsoleAppB6P9\ConsoleAppB6P9.csproj", "{25D5AF57-DFBF-41CC-8397-1FFB834F07B4}"
EndProject
Project("{9A19103F-16F7-4668-BE54-9A1E7A4F7556}") = "ConsoleAppB6P10", "ConsoleAppB6P10\ConsoleAppB6P10.csproj", "{335F8F13-6CE9-4073-A177-FB1E44AFA060}"
EndProject
Project("{9A19103F-16F7-4668-BE54-9A1E7A4F7556}") = "ConsoleAppB6P11", "ConsoleAppB6P11\ConsoleAppB6P11.csproj", "{D5BE72D9-12AC-4CE2-A405-6DAAE1E4BE5E}"
EndProject
Project("{9A19103F-16F7-4668-BE54-9A1E7A4F7556}") = "ConsoleAppB6P12", "ConsoleAppB6P12\ConsoleAppB6P12.csproj", "{0854D6FE-6265-4303-B802-E6A2EB1AC912}"
EndProject
Project("{FAE04EC0-301F-11D3-BF4B-00C04F79EFBC}") = "ConsoleAppB6P13", "ConsoleAppB6P13\ConsoleAppB6P13.csproj", "{E3DF5180-DA1A-4931-A864-A045C7330AEA}"
EndProject
Global
	GlobalSection(SolutionConfigurationPlatforms) = preSolution
		Debug|Any CPU = Debug|Any CPU
		Release|Any CPU = Release|Any CPU
	EndGlobalSection
	GlobalSection(ProjectConfigurationPlatforms) = postSolution
		{66DB02B2-7F2A-4967-854A-34AF1F0B4AE6}.Debug|Any CPU.ActiveCfg = Debug|Any CPU
		{66DB02B2-7F2A-4967-854A-34AF1F0B4AE6}.Debug|Any CPU.Build.0 = Debug|Any CPU
		{66DB02B2-7F2A-4967-854A-34AF1F0B4AE6}.Release|Any CPU.ActiveCfg = Release|Any CPU
		{66DB02B2-7F2A-4967-854A-34AF1F0B4AE6}.Release|Any CPU.Build.0 = Release|Any CPU
		{9956176B-F872-4B51-897A-2191D953344A}.Debug|Any CPU.ActiveCfg = Debug|Any CPU
		{9956176B-F872-4B51-897A-2191D953344A}.Debug|Any CPU.Build.0 = Debug|Any CPU
		{9956176B-F872-4B51-897A-2191D953344A}.Release|Any CPU.ActiveCfg = Release|Any CPU
		{9956176B-F872-4B51-897A-2191D953344A}.Release|Any CPU.Build.0 = Release|Any CPU
		{D314CC77-7590-4265-A85D-302F8414D89A}.Debug|Any CPU.ActiveCfg = Debug|Any CPU
		{D314CC77-7590-4265-A85D-302F8414D89A}.Debug|Any CPU.Build.0 = Debug|Any CPU
		{D314CC77-7590-4265-A85D-302F8414D89A}.Release|Any CPU.ActiveCfg = Release|Any CPU
		{D314CC77-7590-4265-A85D-302F8414D89A}.Release|Any CPU.Build.0 = Release|Any CPU
		{12F5E0EF-5097-45CA-9257-F204CBFB909B}.Debug|Any CPU.ActiveCfg = Debug|Any CPU
		{12F5E0EF-5097-45CA-9257-F204CBFB909B}.Debug|Any CPU.Build.0 = Debug|Any CPU
		{12F5E0EF-5097-45CA-9257-F204CBFB909B}.Release|Any CPU.ActiveCfg = Release|Any CPU
		{12F5E0EF-5097-45CA-9257-F204CBFB909B}.Release|Any CPU.Build.0 = Release|Any CPU
		{D28FE86A-74CB-4D95-809A-D86365D4F0A1}.Debug|Any CPU.ActiveCfg = Debug|Any CPU
		{D28FE86A-74CB-4D95-809A-D86365D4F0A1}.Debug|Any CPU.Build.0 = Debug|Any CPU
		{D28FE86A-74CB-4D95-809A-D86365D4F0A1}.Release|Any CPU.ActiveCfg = Release|Any CPU
		{D28FE86A-74CB-4D95-809A-D86365D4F0A1}.Release|Any CPU.Build.0 = Release|Any CPU
		{C966A650-DD67-4209-9AA7-A75363EC8DCB}.Debug|Any CPU.ActiveCfg = Debug|Any CPU
		{C966A650-DD67-4209-9AA7-A75363EC8DCB}.Debug|Any CPU.Build.0 = Debug|Any CPU
		{C966A650-DD67-4209-9AA7-A75363EC8DCB}.Release|Any CPU.ActiveCfg = Release|Any CPU
		{C966A650-DD67-4209-9AA7-A75363EC8DCB}.Release|Any CPU.Build.0 = Release|Any CPU
		{3443F6DA-9A1D-4EED-B67A-0DAD171AF4CB}.Debug|Any CPU.ActiveCfg = Debug|Any CPU
		{3443F6DA-9A1D-4EED-B67A-0DAD171AF4CB}.Debug|Any CPU.Build.0 = Debug|Any CPU
		{3443F6DA-9A1D-4EED-B67A-0DAD171AF4CB}.Release|Any CPU.ActiveCfg = Release|Any CPU
		{3443F6DA-9A1D-4EED-B67A-0DAD171AF4CB}.Release|Any CPU.Build.0 = Release|Any CPU
		{B5246427-BE80-44C0-8C20-2669E95BD438}.Debug|Any CPU.ActiveCfg = Debug|Any CPU
		{B5246427-BE80-44C0-8C20-2669E95BD438}.Debug|Any CPU.Build.0 = Debug|Any CPU
		{B5246427-BE80-44C0-8C20-2669E95BD438}.Release|Any CPU.ActiveCfg = Release|Any CPU
		{B5246427-BE80-44C0-8C20-2669E95BD438}.Release|Any CPU.Build.0 = Release|Any CPU
		{2F1777D0-AF73-4BC2-8C85-0C8BDF9FEC7A}.Debug|Any CPU.ActiveCfg = Debug|Any CPU
		{2F1777D0-AF73-4BC2-8C85-0C8BDF9FEC7A}.Debug|Any CPU.Build.0 = Debug|Any CPU
		{2F1777D0-AF73-4BC2-8C85-0C8BDF9FEC7A}.Release|Any CPU.ActiveCfg = Release|Any CPU
		{2F1777D0-AF73-4BC2-8C85-0C8BDF9FEC7A}.Release|Any CPU.Build.0 = Release|Any CPU
		{9738D01B-D3F9-40E8-BAA1-8D4F46874554}.Debug|Any CPU.ActiveCfg = Debug|Any CPU
		{9738D01B-D3F9-40E8-BAA1-8D4F46874554}.Debug|Any CPU.Build.0 = Debug|Any CPU
		{9738D01B-D3F9-40E8-BAA1-8D4F46874554}.Release|Any CPU.ActiveCfg = Release|Any CPU
		{9738D01B-D3F9-40E8-BAA1-8D4F46874554}.Release|Any CPU.Build.0 = Release|Any CPU
		{25D5AF57-DFBF-41CC-8397-1FFB834F07B4}.Debug|Any CPU.ActiveCfg = Debug|Any CPU
		{25D5AF57-DFBF-41CC-8397-1FFB834F07B4}.Debug|Any CPU.Build.0 = Debug|Any CPU
		{25D5AF57-DFBF-41CC-8397-1FFB834F07B4}.Release|Any CPU.ActiveCfg = Release|Any CPU
		{25D5AF57-DFBF-41CC-8397-1FFB834F07B4}.Release|Any CPU.Build.0 = Release|Any CPU
		{335F8F13-6CE9-4073-A177-FB1E44AFA060}.Debug|Any CPU.ActiveCfg = Debug|Any CPU
		{335F8F13-6CE9-4073-A177-FB1E44AFA060}.Debug|Any CPU.Build.0 = Debug|Any CPU
		{335F8F13-6CE9-4073-A177-FB1E44AFA060}.Release|Any CPU.ActiveCfg = Release|Any CPU
		{335F8F13-6CE9-4073-A177-FB1E44AFA060}.Release|Any CPU.Build.0 = Release|Any CPU
		{D5BE72D9-12AC-4CE2-A405-6DAAE1E4BE5E}.Debug|Any CPU.ActiveCfg = Debug|Any CPU
		{D5BE72D9-12AC-4CE2-A405-6DAAE1E4BE5E}.Debug|Any CPU.Build.0 = Debug|Any CPU
		{D5BE72D9-12AC-4CE2-A405-6DAAE1E4BE5E}.Release|Any CPU.ActiveCfg = Release|Any CPU
		{D5BE72D9-12AC-4CE2-A405-6DAAE1E4BE5E}.Release|Any CPU.Build.0 = Release|Any CPU
		{0854D6FE-6265-4303-B802-E6A2EB1AC912}.Debug|Any CPU.ActiveCfg = Debug|Any CPU
		{0854D6FE-6265-4303-B802-E6A2EB1AC912}.Debug|Any CPU.Build.0 = Debug|Any CPU
		{0854D6FE-6265-4303-B802-E6A2EB1AC912}.Release|Any CPU.ActiveCfg = Release|Any CPU
		{0854D6FE-6265-4303-B802-E6A2EB1AC912}.Release|Any CPU.Build.0 = Release|Any CPU
		{E3DF5180-DA1A-4931-A864-A045C7330AEA}.Debug|Any CPU.ActiveCfg = Debug|Any CPU
		{E3DF5180-DA1A-4931-A864-A045C7330AEA}.Debug|Any CPU.Build.0 = Debug|Any CPU
		{E3DF5180-DA1A-4931-A864-A045C7330AEA}.Release|Any CPU.ActiveCfg = Release|Any CPU
		{E3DF5180-DA1A-4931-A864-A045C7330AEA}.Release|Any CPU.Build.0 = Release|Any CPU
	EndGlobalSection
	GlobalSection(SolutionProperties) = preSolution
		HideSolutionNode = FALSE
	EndGlobalSection
	GlobalSection(ExtensibilityGlobals) = postSolution
		SolutionGuid = {B6FDEF7E-EA6C-43FC-A3B2-DB39EB80EC1A}
	EndGlobalSection
EndGlobal
